
Microsoft Visual Studio Solution File, Format Version 12.00
# Visual Studio Version 17
VisualStudioVersion = 17.5.002.0
MinimumVisualStudioVersion = 10.0.40219.1
Project("{9A19103F-16F7-4668-BE54-9A1E7A4F7556}") = "MyApplication", "MyApplication.csproj", "{6857ED28-831F-46B6-8F80-0C50824C8DBF}"
EndProject
Global
	GlobalSection(SolutionConfigurationPlatforms) = preSolution
		Debug|Any CPU = Debug|Any CPU
		Release|Any CPU = Release|Any CPU
	EndGlobalSection
	GlobalSection(ProjectConfigurationPlatforms) = postSolution
		{6857ED28-831F-46B6-8F80-0C50824C8DBF}.Debug|Any CPU.ActiveCfg = Debug|Any CPU
		{6857ED28-831F-46B6-8F80-0C50824C8DBF}.Debug|Any CPU.Build.0 = Debug|Any CPU
		{6857ED28-831F-46B6-8F80-0C50824C8DBF}.Release|Any CPU.ActiveCfg = Release|Any CPU
		{6857ED28-831F-46B6-8F80-0C50824C8DBF}.Release|Any CPU.Build.0 = Release|Any CPU
	EndGlobalSection
	GlobalSection(SolutionProperties) = preSolution
		HideSolutionNode = FALSE
	EndGlobalSection
	GlobalSection(ExtensibilityGlobals) = postSolution
		SolutionGuid = {579C16A5-38F6-43AF-BBBF-ED1BF0560995}
	EndGlobalSection
EndGlobal
